
Microsoft Visual Studio Solution File, Format Version 12.00
# Visual Studio Version 17
VisualStudioVersion = 17.1.32407.343
MinimumVisualStudioVersion = 10.0.40219.1
Project("{FAE04EC0-301F-11D3-BF4B-00C04F79EFBC}") = "BasicProgramsCSharp", "BasicProgramsCSharp.csproj", "{AADD8EBE-6648-4C0C-B5D6-DEDBBF7D0CB6}"
EndProject
Global
	GlobalSection(SolutionConfigurationPlatforms) = preSolution
		Debug|Any CPU = Debug|Any CPU
		Release|Any CPU = Release|Any CPU
	EndGlobalSection
	GlobalSection(ProjectConfigurationPlatforms) = postSolution
		{AADD8EBE-6648-4C0C-B5D6-DEDBBF7D0CB6}.Debug|Any CPU.ActiveCfg = Debug|Any CPU
		{AADD8EBE-6648-4C0C-B5D6-DEDBBF7D0CB6}.Debug|Any CPU.Build.0 = Debug|Any CPU
		{AADD8EBE-6648-4C0C-B5D6-DEDBBF7D0CB6}.Release|Any CPU.ActiveCfg = Release|Any CPU
		{AADD8EBE-6648-4C0C-B5D6-DEDBBF7D0CB6}.Release|Any CPU.Build.0 = Release|Any CPU
	EndGlobalSection
	GlobalSection(SolutionProperties) = preSolution
		HideSolutionNode = FALSE
	EndGlobalSection
	GlobalSection(ExtensibilityGlobals) = postSolution
		SolutionGuid = {D9199161-7AF3-4590-811E-95D878C4417C}
	EndGlobalSection
EndGlobal
